// !$*UTF8*$!
{
	archiveVersion = 1;
	classes = {
	};
	objectVersion = 56;
	objects = {

/* Begin PBXBuildFile section */
		C963EC5429B21A5B00A278C4 /* MainMenu.sks in Resources */ = {isa = PBXBuildFile; fileRef = C963EC5329B21A5B00A278C4 /* MainMenu.sks */; };
		C963EC5629B21D7800A278C4 /* MainMenu.swift in Sources */ = {isa = PBXBuildFile; fileRef = C963EC5529B21D7800A278C4 /* MainMenu.swift */; };
		C9FC241A29AF760200130870 /* AppDelegate.swift in Sources */ = {isa = PBXBuildFile; fileRef = C9FC241929AF760200130870 /* AppDelegate.swift */; };
		C9FC241C29AF760200130870 /* GameScene.sks in Resources */ = {isa = PBXBuildFile; fileRef = C9FC241B29AF760200130870 /* GameScene.sks */; };
		C9FC241E29AF760200130870 /* Actions.sks in Resources */ = {isa = PBXBuildFile; fileRef = C9FC241D29AF760200130870 /* Actions.sks */; };
		C9FC242029AF760200130870 /* GameScene.swift in Sources */ = {isa = PBXBuildFile; fileRef = C9FC241F29AF760200130870 /* GameScene.swift */; };
		C9FC242229AF760200130870 /* GameViewController.swift in Sources */ = {isa = PBXBuildFile; fileRef = C9FC242129AF760200130870 /* GameViewController.swift */; };
		C9FC242529AF760200130870 /* Main.storyboard in Resources */ = {isa = PBXBuildFile; fileRef = C9FC242329AF760200130870 /* Main.storyboard */; };
		C9FC242729AF760300130870 /* Assets.xcassets in Resources */ = {isa = PBXBuildFile; fileRef = C9FC242629AF760300130870 /* Assets.xcassets */; };
		C9FC242A29AF760300130870 /* LaunchScreen.storyboard in Resources */ = {isa = PBXBuildFile; fileRef = C9FC242829AF760300130870 /* LaunchScreen.storyboard */; };
		C9FC243229AF782000130870 /* bullet.mp3 in Resources */ = {isa = PBXBuildFile; fileRef = C9FC243029AF782000130870 /* bullet.mp3 */; };
		C9FC243329AF782000130870 /* vzriv.mp3 in Resources */ = {isa = PBXBuildFile; fileRef = C9FC243129AF782000130870 /* vzriv.mp3 */; };
		C9FC243A29AF79A000130870 /* Vzriv.sks in Resources */ = {isa = PBXBuildFile; fileRef = C9FC243829AF79A000130870 /* Vzriv.sks */; };
		C9FC243B29AF79A000130870 /* Starfield.sks in Resources */ = {isa = PBXBuildFile; fileRef = C9FC243929AF79A000130870 /* Starfield.sks */; };
/* End PBXBuildFile section */

/* Begin PBXFileReference section */
		C963EC5329B21A5B00A278C4 /* MainMenu.sks */ = {isa = PBXFileReference; lastKnownFileType = file.sks; path = MainMenu.sks; sourceTree = "<group>"; };
		C963EC5529B21D7800A278C4 /* MainMenu.swift */ = {isa = PBXFileReference; lastKnownFileType = sourcecode.swift; path = MainMenu.swift; sourceTree = "<group>"; };
		C9FC241629AF760200130870 /* SpaceShooter.app */ = {isa = PBXFileReference; explicitFileType = wrapper.application; includeInIndex = 0; path = SpaceShooter.app; sourceTree = BUILT_PRODUCTS_DIR; };
		C9FC241929AF760200130870 /* AppDelegate.swift */ = {isa = PBXFileReference; lastKnownFileType = sourcecode.swift; path = AppDelegate.swift; sourceTree = "<group>"; };
		C9FC241B29AF760200130870 /* GameScene.sks */ = {isa = PBXFileReference; lastKnownFileType = file.sks; path = GameScene.sks; sourceTree = "<group>"; };
		C9FC241D29AF760200130870 /* Actions.sks */ = {isa = PBXFileReference; lastKnownFileType = file.sks; path = Actions.sks; sourceTree = "<group>"; };
		C9FC241F29AF760200130870 /* GameScene.swift */ = {isa = PBXFileReference; lastKnownFileType = sourcecode.swift; path = GameScene.swift; sourceTree = "<group>"; };
		C9FC242129AF760200130870 /* GameViewController.swift */ = {isa = PBXFileReference; lastKnownFileType = sourcecode.swift; path = GameViewController.swift; sourceTree = "<group>"; };
		C9FC242429AF760200130870 /* Base */ = {isa = PBXFileReference; lastKnownFileType = file.storyboard; name = Base; path = Base.lproj/Main.storyboard; sourceTree = "<group>"; };
		C9FC242629AF760300130870 /* Assets.xcassets */ = {isa = PBXFileReference; lastKnownFileType = folder.assetcatalog; path = Assets.xcassets; sourceTree = "<group>"; };
		C9FC242929AF760300130870 /* Base */ = {isa = PBXFileReference; lastKnownFileType = file.storyboard; name = Base; path = Base.lproj/LaunchScreen.storyboard; sourceTree = "<group>"; };
		C9FC243029AF782000130870 /* bullet.mp3 */ = {isa = PBXFileReference; lastKnownFileType = audio.mp3; path = bullet.mp3; sourceTree = "<group>"; };
		C9FC243129AF782000130870 /* vzriv.mp3 */ = {isa = PBXFileReference; lastKnownFileType = audio.mp3; path = vzriv.mp3; sourceTree = "<group>"; };
		C9FC243829AF79A000130870 /* Vzriv.sks */ = {isa = PBXFileReference; lastKnownFileType = file.sks; path = Vzriv.sks; sourceTree = "<group>"; };
		C9FC243929AF79A000130870 /* Starfield.sks */ = {isa = PBXFileReference; lastKnownFileType = file.sks; path = Starfield.sks; sourceTree = "<group>"; };
/* End PBXFileReference section */

/* Begin PBXFrameworksBuildPhase section */
		C9FC241329AF760200130870 /* Frameworks */ = {
			isa = PBXFrameworksBuildPhase;
			buildActionMask = 2147483647;
			files = (
			);
			runOnlyForDeploymentPostprocessing = 0;
		};
/* End PBXFrameworksBuildPhase section */

/* Begin PBXGroup section */
		C9FC240D29AF760200130870 = {
			isa = PBXGroup;
			children = (
				C9FC241829AF760200130870 /* SpaceShooter */,
				C9FC241729AF760200130870 /* Products */,
			);
			sourceTree = "<group>";
		};
		C9FC241729AF760200130870 /* Products */ = {
			isa = PBXGroup;
			children = (
				C9FC241629AF760200130870 /* SpaceShooter.app */,
			);
			name = Products;
			sourceTree = "<group>";
		};
		C9FC241829AF760200130870 /* SpaceShooter */ = {
			isa = PBXGroup;
			children = (
				C9FC241929AF760200130870 /* AppDelegate.swift */,
				C9FC241B29AF760200130870 /* GameScene.sks */,
				C9FC241D29AF760200130870 /* Actions.sks */,
				C9FC241F29AF760200130870 /* GameScene.swift */,
				C9FC242129AF760200130870 /* GameViewController.swift */,
				C9FC242329AF760200130870 /* Main.storyboard */,
				C9FC242829AF760300130870 /* LaunchScreen.storyboard */,
				C9FC242629AF760300130870 /* Assets.xcassets */,
				C9FC243029AF782000130870 /* bullet.mp3 */,
				C9FC243129AF782000130870 /* vzriv.mp3 */,
				C9FC243929AF79A000130870 /* Starfield.sks */,
				C9FC243829AF79A000130870 /* Vzriv.sks */,
				C963EC5329B21A5B00A278C4 /* MainMenu.sks */,
				C963EC5529B21D7800A278C4 /* MainMenu.swift */,
			);
			path = SpaceShooter;
			sourceTree = "<group>";
		};
/* End PBXGroup section */

/* Begin PBXNativeTarget section */
		C9FC241529AF760200130870 /* SpaceShooter */ = {
			isa = PBXNativeTarget;
			buildConfigurationList = C9FC242D29AF760300130870 /* Build configuration list for PBXNativeTarget "SpaceShooter" */;
			buildPhases = (
				C9FC241229AF760200130870 /* Sources */,
				C9FC241329AF760200130870 /* Frameworks */,
				C9FC241429AF760200130870 /* Resources */,
			);
			buildRules = (
			);
			dependencies = (
			);
			name = SpaceShooter;
			productName = SpaceShooter;
			productReference = C9FC241629AF760200130870 /* SpaceShooter.app */;
			productType = "com.apple.product-type.application";
		};
/* End PBXNativeTarget section */

/* Begin PBXProject section */
		C9FC240E29AF760200130870 /* Project object */ = {
			isa = PBXProject;
			attributes = {
				BuildIndependentTargetsInParallel = 1;
				LastSwiftUpdateCheck = 1420;
				LastUpgradeCheck = 1420;
				TargetAttributes = {
					C9FC241529AF760200130870 = {
						CreatedOnToolsVersion = 14.2;
					};
				};
			};
			buildConfigurationList = C9FC241129AF760200130870 /* Build configuration list for PBXProject "SpaceShooter" */;
			compatibilityVersion = "Xcode 14.0";
			developmentRegion = en;
			hasScannedForEncodings = 0;
			knownRegions = (
				en,
				Base,
			);
			mainGroup = C9FC240D29AF760200130870;
			productRefGroup = C9FC241729AF760200130870 /* Products */;
			projectDirPath = "";
			projectRoot = "";
			targets = (
				C9FC241529AF760200130870 /* SpaceShooter */,
			);
		};
/* End PBXProject section */

/* Begin PBXResourcesBuildPhase section */
		C9FC241429AF760200130870 /* Resources */ = {
			isa = PBXResourcesBuildPhase;
			buildActionMask = 2147483647;
			files = (
				C9FC242529AF760200130870 /* Main.storyboard in Resources */,
				C9FC241C29AF760200130870 /* GameScene.sks in Resources */,
				C9FC243B29AF79A000130870 /* Starfield.sks in Resources */,
				C963EC5429B21A5B00A278C4 /* MainMenu.sks in Resources */,
				C9FC243329AF782000130870 /* vzriv.mp3 in Resources */,
				C9FC242729AF760300130870 /* Assets.xcassets in Resources */,
				C9FC243A29AF79A000130870 /* Vzriv.sks in Resources */,
				C9FC242A29AF760300130870 /* LaunchScreen.storyboard in Resources */,
				C9FC243229AF782000130870 /* bullet.mp3 in Resources */,
				C9FC241E29AF760200130870 /* Actions.sks in Resources */,
			);
			runOnlyForDeploymentPostprocessing = 0;
		};
/* End PBXResourcesBuildPhase section */

/* Begin PBXSourcesBuildPhase section */
		C9FC241229AF760200130870 /* Sources */ = {
			isa = PBXSourcesBuildPhase;
			buildActionMask = 2147483647;
			files = (
				C9FC242029AF760200130870 /* GameScene.swift in Sources */,
				C9FC242229AF760200130870 /* GameViewController.swift in Sources */,
				C9FC241A29AF760200130870 /* AppDelegate.swift in Sources */,
				C963EC5629B21D7800A278C4 /* MainMenu.swift in Sources */,
			);
			runOnlyForDeploymentPostprocessing = 0;
		};
/* End PBXSourcesBuildPhase section */

/* Begin PBXVariantGroup section */
		C9FC242329AF760200130870 /* Main.storyboard */ = {
			isa = PBXVariantGroup;
			children = (
				C9FC242429AF760200130870 /* Base */,
			);
			name = Main.storyboard;
			sourceTree = "<group>";
		};
		C9FC242829AF760300130870 /* LaunchScreen.storyboard */ = {
			isa = PBXVariantGroup;
			children = (
				C9FC242929AF760300130870 /* Base */,
			);
			name = LaunchScreen.storyboard;
			sourceTree = "<group>";
		};
/* End PBXVariantGroup section */

/* Begin XCBuildConfiguration section */
		C9FC242B29AF760300130870 /* Debug */ = {
			isa = XCBuildConfiguration;
			buildSettings = {
				ALWAYS_SEARCH_USER_PATHS = NO;
				CLANG_ANALYZER_NONNULL = YES;
				CLANG_ANALYZER_NUMBER_OBJECT_CONVERSION = YES_AGGRESSIVE;
				CLANG_CXX_LANGUAGE_STANDARD = "gnu++20";
				CLANG_ENABLE_MODULES = YES;
				CLANG_ENABLE_OBJC_ARC = YES;
				CLANG_ENABLE_OBJC_WEAK = YES;
				CLANG_WARN_BLOCK_CAPTURE_AUTORELEASING = YES;
				CLANG_WARN_BOOL_CONVERSION = YES;
				CLANG_WARN_COMMA = YES;
				CLANG_WARN_CONSTANT_CONVERSION = YES;
				CLANG_WARN_DEPRECATED_OBJC_IMPLEMENTATIONS = YES;
				CLANG_WARN_DIRECT_OBJC_ISA_USAGE = YES_ERROR;
				CLANG_WARN_DOCUMENTATION_COMMENTS = YES;
				CLANG_WARN_EMPTY_BODY = YES;
				CLANG_WARN_ENUM_CONVERSION = YES;
				CLANG_WARN_INFINITE_RECURSION = YES;
				CLANG_WARN_INT_CONVERSION = YES;
				CLANG_WARN_NON_LITERAL_NULL_CONVERSION = YES;
				CLANG_WARN_OBJC_IMPLICIT_RETAIN_SELF = YES;
				CLANG_WARN_OBJC_LITERAL_CONVERSION = YES;
				CLANG_WARN_OBJC_ROOT_CLASS = YES_ERROR;
				CLANG_WARN_QUOTED_INCLUDE_IN_FRAMEWORK_HEADER = YES;
				CLANG_WARN_RANGE_LOOP_ANALYSIS = YES;
				CLANG_WARN_STRICT_PROTOTYPES = YES;
				CLANG_WARN_SUSPICIOUS_MOVE = YES;
				CLANG_WARN_UNGUARDED_AVAILABILITY = YES_AGGRESSIVE;
				CLANG_WARN_UNREACHABLE_CODE = YES;
				CLANG_WARN__DUPLICATE_METHOD_MATCH = YES;
				COPY_PHASE_STRIP = NO;
				DEBUG_INFORMATION_FORMAT = dwarf;
				ENABLE_STRICT_OBJC_MSGSEND = YES;
				ENABLE_TESTABILITY = YES;
				GCC_C_LANGUAGE_STANDARD = gnu11;
				GCC_DYNAMIC_NO_PIC = NO;
				GCC_NO_COMMON_BLOCKS = YES;
				GCC_OPTIMIZATION_LEVEL = 0;
				GCC_PREPROCESSOR_DEFINITIONS = (
					"DEBUG=1",
					"$(inherited)",
				);
				GCC_WARN_64_TO_32_BIT_CONVERSION = YES;
				GCC_WARN_ABOUT_RETURN_TYPE = YES_ERROR;
				GCC_WARN_UNDECLARED_SELECTOR = YES;
				GCC_WARN_UNINITIALIZED_AUTOS = YES_AGGRESSIVE;
				GCC_WARN_UNUSED_FUNCTION = YES;
				GCC_WARN_UNUSED_VARIABLE = YES;
				IPHONEOS_DEPLOYMENT_TARGET = 16.2;
				MTL_ENABLE_DEBUG_INFO = INCLUDE_SOURCE;
				MTL_FAST_MATH = YES;
				ONLY_ACTIVE_ARCH = YES;
				SDKROOT = iphoneos;
				SWIFT_ACTIVE_COMPILATION_CONDITIONS = DEBUG;
				SWIFT_OPTIMIZATION_LEVEL = "-Onone";
			};
			name = Debug;
		};
		C9FC242C29AF760300130870 /* Release */ = {
			isa = XCBuildConfiguration;
			buildSettings = {
				ALWAYS_SEARCH_USER_PATHS = NO;
				CLANG_ANALYZER_NONNULL = YES;
				CLANG_ANALYZER_NUMBER_OBJECT_CONVERSION = YES_AGGRESSIVE;
				CLANG_CXX_LANGUAGE_STANDARD = "gnu++20";
				CLANG_ENABLE_MODULES = YES;
				CLANG_ENABLE_OBJC_ARC = YES;
				CLANG_ENABLE_OBJC_WEAK = YES;
				CLANG_WARN_BLOCK_CAPTURE_AUTORELEASING = YES;
				CLANG_WARN_BOOL_CONVERSION = YES;
				CLANG_WARN_COMMA = YES;
				CLANG_WARN_CONSTANT_CONVERSION = YES;
				CLANG_WARN_DEPRECATED_OBJC_IMPLEMENTATIONS = YES;
				CLANG_WARN_DIRECT_OBJC_ISA_USAGE = YES_ERROR;
				CLANG_WARN_DOCUMENTATION_COMMENTS = YES;
				CLANG_WARN_EMPTY_BODY = YES;
				CLANG_WARN_ENUM_CONVERSION = YES;
				CLANG_WARN_INFINITE_RECURSION = YES;
				CLANG_WARN_INT_CONVERSION = YES;
				CLANG_WARN_NON_LITERAL_NULL_CONVERSION = YES;
				CLANG_WARN_OBJC_IMPLICIT_RETAIN_SELF = YES;
				CLANG_WARN_OBJC_LITERAL_CONVERSION = YES;
				CLANG_WARN_OBJC_ROOT_CLASS = YES_ERROR;
				CLANG_WARN_QUOTED_INCLUDE_IN_FRAMEWORK_HEADER = YES;
				CLANG_WARN_RANGE_LOOP_ANALYSIS = YES;
				CLANG_WARN_STRICT_PROTOTYPES = YES;
				CLANG_WARN_SUSPICIOUS_MOVE = YES;
				CLANG_WARN_UNGUARDED_AVAILABILITY = YES_AGGRESSIVE;
				CLANG_WARN_UNREACHABLE_CODE = YES;
				CLANG_WARN__DUPLICATE_METHOD_MATCH = YES;
				COPY_PHASE_STRIP = NO;
				DEBUG_INFORMATION_FORMAT = "dwarf-with-dsym";
				ENABLE_NS_ASSERTIONS = NO;
				ENABLE_STRICT_OBJC_MSGSEND = YES;
				GCC_C_LANGUAGE_STANDARD = gnu11;
				GCC_NO_COMMON_BLOCKS = YES;
				GCC_WARN_64_TO_32_BIT_CONVERSION = YES;
				GCC_WARN_ABOUT_RETURN_TYPE = YES_ERROR;
				GCC_WARN_UNDECLARED_SELECTOR = YES;
				GCC_WARN_UNINITIALIZED_AUTOS = YES_AGGRESSIVE;
				GCC_WARN_UNUSED_FUNCTION = YES;
				GCC_WARN_UNUSED_VARIABLE = YES;
				IPHONEOS_DEPLOYMENT_TARGET = 16.2;
				MTL_ENABLE_DEBUG_INFO = NO;
				MTL_FAST_MATH = YES;
				SDKROOT = iphoneos;
				SWIFT_COMPILATION_MODE = wholemodule;
				SWIFT_OPTIMIZATION_LEVEL = "-O";
				VALIDATE_PRODUCT = YES;
			};
			name = Release;
		};
		C9FC242E29AF760300130870 /* Debug */ = {
			isa = XCBuildConfiguration;
			buildSettings = {
				ASSETCATALOG_COMPILER_APPICON_NAME = AppIcon;
				ASSETCATALOG_COMPILER_GLOBAL_ACCENT_COLOR_NAME = AccentColor;
				CODE_SIGN_STYLE = Automatic;
				CURRENT_PROJECT_VERSION = 1;
				DEVELOPMENT_TEAM = BJ88NM93M4;
				GENERATE_INFOPLIST_FILE = YES;
				INFOPLIST_KEY_UIApplicationSupportsIndirectInputEvents = YES;
				INFOPLIST_KEY_UILaunchStoryboardName = LaunchScreen;
				INFOPLIST_KEY_UIMainStoryboardFile = Main;
				INFOPLIST_KEY_UIStatusBarHidden = NO;
				INFOPLIST_KEY_UISupportedInterfaceOrientations = UIInterfaceOrientationPortrait;
				INFOPLIST_KEY_UISupportedInterfaceOrientations_iPad = "UIInterfaceOrientationLandscapeLeft UIInterfaceOrientationLandscapeRight UIInterfaceOrientationPortrait UIInterfaceOrientationPortraitUpsideDown";
				IPHONEOS_DEPLOYMENT_TARGET = 13.0;
				LD_RUNPATH_SEARCH_PATHS = (
					"$(inherited)",
					"@executable_path/Frameworks",
				);
				MARKETING_VERSION = 1.0;
				PRODUCT_BUNDLE_IDENTIFIER = com.donian.SpaceShooter;
				PRODUCT_NAME = "$(TARGET_NAME)";
				SUPPORTED_PLATFORMS = "iphoneos iphonesimulator";
				SUPPORTS_MACCATALYST = NO;
				SUPPORTS_MAC_DESIGNED_FOR_IPHONE_IPAD = NO;
				SWIFT_EMIT_LOC_STRINGS = YES;
				SWIFT_VERSION = 5.0;
				TARGETED_DEVICE_FAMILY = 1;
			};
			name = Debug;
		};
		C9FC242F29AF760300130870 /* Release */ = {
			isa = XCBuildConfiguration;
			buildSettings = {
				ASSETCATALOG_COMPILER_APPICON_NAME = AppIcon;
				ASSETCATALOG_COMPILER_GLOBAL_ACCENT_COLOR_NAME = AccentColor;
				CODE_SIGN_STYLE = Automatic;
				CURRENT_PROJECT_VERSION = 1;
				DEVELOPMENT_TEAM = BJ88NM93M4;
				GENERATE_INFOPLIST_FILE = YES;
				INFOPLIST_KEY_UIApplicationSupportsIndirectInputEvents = YES;
				INFOPLIST_KEY_UILaunchStoryboardName = LaunchScreen;
				INFOPLIST_KEY_UIMainStoryboardFile = Main;
				INFOPLIST_KEY_UIStatusBarHidden = NO;
				INFOPLIST_KEY_UISupportedInterfaceOrientations = UIInterfaceOrientationPortrait;
				INFOPLIST_KEY_UISupportedInterfaceOrientations_iPad = "UIInterfaceOrientationLandscapeLeft UIInterfaceOrientationLandscapeRight UIInterfaceOrientationPortrait UIInterfaceOrientationPortraitUpsideDown";
				IPHONEOS_DEPLOYMENT_TARGET = 13.0;
				LD_RUNPATH_SEARCH_PATHS = (
					"$(inherited)",
					"@executable_path/Frameworks",
				);
				MARKETING_VERSION = 1.0;
				PRODUCT_BUNDLE_IDENTIFIER = com.donian.SpaceShooter;
				PRODUCT_NAME = "$(TARGET_NAME)";
				SUPPORTED_PLATFORMS = "iphoneos iphonesimulator";
				SUPPORTS_MACCATALYST = NO;
				SUPPORTS_MAC_DESIGNED_FOR_IPHONE_IPAD = NO;
				SWIFT_EMIT_LOC_STRINGS = YES;
				SWIFT_VERSION = 5.0;
				TARGETED_DEVICE_FAMILY = 1;
			};
			name = Release;
		};
/* End XCBuildConfiguration section */

/* Begin XCConfigurationList section */
		C9FC241129AF760200130870 /* Build configuration list for PBXProject "SpaceShooter" */ = {
			isa = XCConfigurationList;
			buildConfigurations = (
				C9FC242B29AF760300130870 /* Debug */,
				C9FC242C29AF760300130870 /* Release */,
			);
			defaultConfigurationIsVisible = 0;
			defaultConfigurationName = Release;
		};
		C9FC242D29AF760300130870 /* Build configuration list for PBXNativeTarget "SpaceShooter" */ = {
			isa = XCConfigurationList;
			buildConfigurations = (
				C9FC242E29AF760300130870 /* Debug */,
				C9FC242F29AF760300130870 /* Release */,
			);
			defaultConfigurationIsVisible = 0;
			defaultConfigurationName = Release;
		};
/* End XCConfigurationList section */
	};
	rootObject = C9FC240E29AF760200130870 /* Project object */;
}
